
Microsoft Visual Studio Solution File, Format Version 12.00
# Visual Studio Version 17
VisualStudioVersion = 17.5.33627.172
MinimumVisualStudioVersion = 10.0.40219.1
Project("{FAE04EC0-301F-11D3-BF4B-00C04F79EFBC}") = "Tienda", "Tienda\Tienda.csproj", "{4DCF31FD-C206-4E65-89A9-D8434D400C65}"
EndProject
Project("{FAE04EC0-301F-11D3-BF4B-00C04F79EFBC}") = "Presentacion.Tienda", "Presentacion.Tienda\Presentacion.Tienda.csproj", "{14CC3CC3-A641-484D-BB9D-2A60B4F31780}"
EndProject
Global
	GlobalSection(SolutionConfigurationPlatforms) = preSolution
		Debug|Any CPU = Debug|Any CPU
		Release|Any CPU = Release|Any CPU
	EndGlobalSection
	GlobalSection(ProjectConfigurationPlatforms) = postSolution
		{4DCF31FD-C206-4E65-89A9-D8434D400C65}.Debug|Any CPU.ActiveCfg = Debug|Any CPU
		{4DCF31FD-C206-4E65-89A9-D8434D400C65}.Debug|Any CPU.Build.0 = Debug|Any CPU
		{4DCF31FD-C206-4E65-89A9-D8434D400C65}.Release|Any CPU.ActiveCfg = Release|Any CPU
		{4DCF31FD-C206-4E65-89A9-D8434D400C65}.Release|Any CPU.Build.0 = Release|Any CPU
		{14CC3CC3-A641-484D-BB9D-2A60B4F31780}.Debug|Any CPU.ActiveCfg = Debug|Any CPU
		{14CC3CC3-A641-484D-BB9D-2A60B4F31780}.Debug|Any CPU.Build.0 = Debug|Any CPU
		{14CC3CC3-A641-484D-BB9D-2A60B4F31780}.Release|Any CPU.ActiveCfg = Release|Any CPU
		{14CC3CC3-A641-484D-BB9D-2A60B4F31780}.Release|Any CPU.Build.0 = Release|Any CPU
	EndGlobalSection
	GlobalSection(SolutionProperties) = preSolution
		HideSolutionNode = FALSE
	EndGlobalSection
	GlobalSection(ExtensibilityGlobals) = postSolution
		SolutionGuid = {CF05BD9F-BDF9-4C08-BB20-487795244E8B}
	EndGlobalSection
EndGlobal
